
Microsoft Visual Studio Solution File, Format Version 12.00
# Visual Studio Version 16
VisualStudioVersion = 16.0.29102.190
MinimumVisualStudioVersion = 10.0.40219.1
Project("{2150E333-8FDC-42A3-9474-1A3956D46DE8}") = "src", "src", "{FEDBEDB9-6160-4A4B-A152-14B9072D6ED7}"
	ProjectSection(SolutionItems) = preProject
		C:\Users\Deawb\Desktop\logo.png = C:\Users\Deawb\Desktop\logo.png
	EndProjectSection
EndProject
Project("{2150E333-8FDC-42A3-9474-1A3956D46DE8}") = "test", "test", "{AB8FD14D-A409-493F-9DA0-AA0AC713D5C7}"
EndProject
Project("{9A19103F-16F7-4668-BE54-9A1E7A4F7556}") = "ToShowDoc.Core", "src\ToShowdoc.Core\ToShowDoc.Core.csproj", "{F2BB77F3-1D57-4549-9900-03023657754F}"
EndProject
Project("{9A19103F-16F7-4668-BE54-9A1E7A4F7556}") = "ToShowDoc.Cli", "src\ToShowDoc.Cli\ToShowDoc.Cli.csproj", "{3423D0B6-90E3-48BF-B636-BE511E17329A}"
EndProject
Project("{9A19103F-16F7-4668-BE54-9A1E7A4F7556}") = "ToShowDocs.Core.Tests", "test\ToShowdocs.Core.Tests\ToShowDocs.Core.Tests.csproj", "{7A4487B2-C476-43D0-A101-EB00F6B8CA23}"
EndProject
Project("{2150E333-8FDC-42A3-9474-1A3956D46DE8}") = "samples", "samples", "{D90BEDDE-9B35-4703-B0B1-443535A2B761}"
EndProject
Project("{9A19103F-16F7-4668-BE54-9A1E7A4F7556}") = "BookStore.Core3.x", "samples\BookStore\BookStore.Core3.x.csproj", "{61C62FB6-F188-4240-A4C6-8A3C8B032735}"
EndProject
Project("{9A19103F-16F7-4668-BE54-9A1E7A4F7556}") = "BookStore.Core2.x", "samples\BookStore.Core2.x\BookStore.Core2.x.csproj", "{EE0FECB5-AA93-44DA-8FE3-6C2CC8D6761A}"
EndProject
Global
	GlobalSection(SolutionConfigurationPlatforms) = preSolution
		Debug|Any CPU = Debug|Any CPU
		Release|Any CPU = Release|Any CPU
	EndGlobalSection
	GlobalSection(ProjectConfigurationPlatforms) = postSolution
		{F2BB77F3-1D57-4549-9900-03023657754F}.Debug|Any CPU.ActiveCfg = Debug|Any CPU
		{F2BB77F3-1D57-4549-9900-03023657754F}.Debug|Any CPU.Build.0 = Debug|Any CPU
		{F2BB77F3-1D57-4549-9900-03023657754F}.Release|Any CPU.ActiveCfg = Release|Any CPU
		{F2BB77F3-1D57-4549-9900-03023657754F}.Release|Any CPU.Build.0 = Release|Any CPU
		{3423D0B6-90E3-48BF-B636-BE511E17329A}.Debug|Any CPU.ActiveCfg = Debug|Any CPU
		{3423D0B6-90E3-48BF-B636-BE511E17329A}.Debug|Any CPU.Build.0 = Debug|Any CPU
		{3423D0B6-90E3-48BF-B636-BE511E17329A}.Release|Any CPU.ActiveCfg = Release|Any CPU
		{3423D0B6-90E3-48BF-B636-BE511E17329A}.Release|Any CPU.Build.0 = Release|Any CPU
		{7A4487B2-C476-43D0-A101-EB00F6B8CA23}.Debug|Any CPU.ActiveCfg = Debug|Any CPU
		{7A4487B2-C476-43D0-A101-EB00F6B8CA23}.Debug|Any CPU.Build.0 = Debug|Any CPU
		{7A4487B2-C476-43D0-A101-EB00F6B8CA23}.Release|Any CPU.ActiveCfg = Release|Any CPU
		{7A4487B2-C476-43D0-A101-EB00F6B8CA23}.Release|Any CPU.Build.0 = Release|Any CPU
		{61C62FB6-F188-4240-A4C6-8A3C8B032735}.Debug|Any CPU.ActiveCfg = Debug|Any CPU
		{61C62FB6-F188-4240-A4C6-8A3C8B032735}.Debug|Any CPU.Build.0 = Debug|Any CPU
		{61C62FB6-F188-4240-A4C6-8A3C8B032735}.Release|Any CPU.ActiveCfg = Release|Any CPU
		{61C62FB6-F188-4240-A4C6-8A3C8B032735}.Release|Any CPU.Build.0 = Release|Any CPU
		{EE0FECB5-AA93-44DA-8FE3-6C2CC8D6761A}.Debug|Any CPU.ActiveCfg = Debug|Any CPU
		{EE0FECB5-AA93-44DA-8FE3-6C2CC8D6761A}.Debug|Any CPU.Build.0 = Debug|Any CPU
		{EE0FECB5-AA93-44DA-8FE3-6C2CC8D6761A}.Release|Any CPU.ActiveCfg = Release|Any CPU
		{EE0FECB5-AA93-44DA-8FE3-6C2CC8D6761A}.Release|Any CPU.Build.0 = Release|Any CPU
	EndGlobalSection
	GlobalSection(SolutionProperties) = preSolution
		HideSolutionNode = FALSE
	EndGlobalSection
	GlobalSection(NestedProjects) = preSolution
		{F2BB77F3-1D57-4549-9900-03023657754F} = {FEDBEDB9-6160-4A4B-A152-14B9072D6ED7}
		{3423D0B6-90E3-48BF-B636-BE511E17329A} = {FEDBEDB9-6160-4A4B-A152-14B9072D6ED7}
		{7A4487B2-C476-43D0-A101-EB00F6B8CA23} = {AB8FD14D-A409-493F-9DA0-AA0AC713D5C7}
		{61C62FB6-F188-4240-A4C6-8A3C8B032735} = {D90BEDDE-9B35-4703-B0B1-443535A2B761}
		{EE0FECB5-AA93-44DA-8FE3-6C2CC8D6761A} = {D90BEDDE-9B35-4703-B0B1-443535A2B761}
	EndGlobalSection
	GlobalSection(ExtensibilityGlobals) = postSolution
		SolutionGuid = {89D5A73C-3560-43DC-86B7-93274223E118}
	EndGlobalSection
EndGlobal
